
Microsoft Visual Studio Solution File, Format Version 12.00
# Visual Studio 2012
Project("{FAE04EC0-301F-11D3-BF4B-00C04F79EFBC}") = "MATS.Core", "MATS.Core\MATS.Core.csproj", "{BC313566-B2C7-4D13-AB69-A48946FA42BF}"
	ProjectSection(ProjectDependencies) = postProject
		{180DA703-1F8C-456B-A261-95106FBCEF54} = {180DA703-1F8C-456B-A261-95106FBCEF54}
	EndProjectSection
EndProject
Project("{FAE04EC0-301F-11D3-BF4B-00C04F79EFBC}") = "MATS.DAL", "MATS.DAL\MATS.DAL.csproj", "{9BF39C74-78A7-4D1D-84BB-7ACEB3A40050}"
	ProjectSection(ProjectDependencies) = postProject
		{BC313566-B2C7-4D13-AB69-A48946FA42BF} = {BC313566-B2C7-4D13-AB69-A48946FA42BF}
	EndProjectSection
EndProject
Project("{FAE04EC0-301F-11D3-BF4B-00C04F79EFBC}") = "MATS.WPF", "MATS.WPF\MATS.WPF.csproj", "{E01E09F0-3EDE-4D7F-B9F5-1C4687C78A05}"
	ProjectSection(ProjectDependencies) = postProject
		{BC313566-B2C7-4D13-AB69-A48946FA42BF} = {BC313566-B2C7-4D13-AB69-A48946FA42BF}
		{9BF39C74-78A7-4D1D-84BB-7ACEB3A40050} = {9BF39C74-78A7-4D1D-84BB-7ACEB3A40050}
		{606E3E9C-E768-4F35-84C3-EA051E26549F} = {606E3E9C-E768-4F35-84C3-EA051E26549F}
		{C50145E6-A244-4F1F-B41F-90D1925B4A00} = {C50145E6-A244-4F1F-B41F-90D1925B4A00}
	EndProjectSection
EndProject
Project("{FAE04EC0-301F-11D3-BF4B-00C04F79EFBC}") = "MATS.Repository", "MATS.Repository\MATS.Repository.csproj", "{606E3E9C-E768-4F35-84C3-EA051E26549F}"
	ProjectSection(ProjectDependencies) = postProject
		{BC313566-B2C7-4D13-AB69-A48946FA42BF} = {BC313566-B2C7-4D13-AB69-A48946FA42BF}
		{9BF39C74-78A7-4D1D-84BB-7ACEB3A40050} = {9BF39C74-78A7-4D1D-84BB-7ACEB3A40050}
	EndProjectSection
EndProject
Project("{FAE04EC0-301F-11D3-BF4B-00C04F79EFBC}") = "MATS.Service", "MATS.Service\MATS.Service.csproj", "{D50D76EE-CF2D-47AD-BB54-35D46498080C}"
EndProject
Project("{FAE04EC0-301F-11D3-BF4B-00C04F79EFBC}") = "MATS.Validation", "MATS.Validation\MATS.Validation.csproj", "{180DA703-1F8C-456B-A261-95106FBCEF54}"
EndProject
Project("{2150E333-8FDC-42A3-9474-1A3956D46DE8}") = "Test", "Test", "{DD285171-13D3-4068-BA4F-87594BAF6CF2}"
EndProject
Project("{FAE04EC0-301F-11D3-BF4B-00C04F79EFBC}") = "MATS.Console", "MATS.Console\MATS.Console.csproj", "{70EC00C6-3178-41F8-A600-17CCFAF7B41C}"
EndProject
Project("{FAE04EC0-301F-11D3-BF4B-00C04F79EFBC}") = "MATS.OA", "MATS.OA\MATS.OA.csproj", "{C50145E6-A244-4F1F-B41F-90D1925B4A00}"
EndProject
Project("{FAE04EC0-301F-11D3-BF4B-00C04F79EFBC}") = "MATS.AutoService", "MATS.AutoService\MATS.AutoService.csproj", "{BFFC3552-4DEB-42BA-87EE-BEDE68382DA1}"
	ProjectSection(ProjectDependencies) = postProject
		{180DA703-1F8C-456B-A261-95106FBCEF54} = {180DA703-1F8C-456B-A261-95106FBCEF54}
		{BC313566-B2C7-4D13-AB69-A48946FA42BF} = {BC313566-B2C7-4D13-AB69-A48946FA42BF}
		{9BF39C74-78A7-4D1D-84BB-7ACEB3A40050} = {9BF39C74-78A7-4D1D-84BB-7ACEB3A40050}
		{606E3E9C-E768-4F35-84C3-EA051E26549F} = {606E3E9C-E768-4F35-84C3-EA051E26549F}
		{C50145E6-A244-4F1F-B41F-90D1925B4A00} = {C50145E6-A244-4F1F-B41F-90D1925B4A00}
	EndProjectSection
EndProject
Project("{2150E333-8FDC-42A3-9474-1A3956D46DE8}") = "Services", "Services", "{E33927A0-CA49-4423-A4B3-84B3DB26B327}"
EndProject
Global
	GlobalSection(SolutionConfigurationPlatforms) = preSolution
		Debug|Any CPU = Debug|Any CPU
		Release|Any CPU = Release|Any CPU
	EndGlobalSection
	GlobalSection(ProjectConfigurationPlatforms) = postSolution
		{BC313566-B2C7-4D13-AB69-A48946FA42BF}.Debug|Any CPU.ActiveCfg = Debug|Any CPU
		{BC313566-B2C7-4D13-AB69-A48946FA42BF}.Debug|Any CPU.Build.0 = Debug|Any CPU
		{BC313566-B2C7-4D13-AB69-A48946FA42BF}.Release|Any CPU.ActiveCfg = Release|Any CPU
		{BC313566-B2C7-4D13-AB69-A48946FA42BF}.Release|Any CPU.Build.0 = Release|Any CPU
		{9BF39C74-78A7-4D1D-84BB-7ACEB3A40050}.Debug|Any CPU.ActiveCfg = Debug|Any CPU
		{9BF39C74-78A7-4D1D-84BB-7ACEB3A40050}.Debug|Any CPU.Build.0 = Debug|Any CPU
		{9BF39C74-78A7-4D1D-84BB-7ACEB3A40050}.Release|Any CPU.ActiveCfg = Release|Any CPU
		{9BF39C74-78A7-4D1D-84BB-7ACEB3A40050}.Release|Any CPU.Build.0 = Release|Any CPU
		{E01E09F0-3EDE-4D7F-B9F5-1C4687C78A05}.Debug|Any CPU.ActiveCfg = Debug|Any CPU
		{E01E09F0-3EDE-4D7F-B9F5-1C4687C78A05}.Debug|Any CPU.Build.0 = Debug|Any CPU
		{E01E09F0-3EDE-4D7F-B9F5-1C4687C78A05}.Release|Any CPU.ActiveCfg = Release|Any CPU
		{E01E09F0-3EDE-4D7F-B9F5-1C4687C78A05}.Release|Any CPU.Build.0 = Release|Any CPU
		{606E3E9C-E768-4F35-84C3-EA051E26549F}.Debug|Any CPU.ActiveCfg = Debug|Any CPU
		{606E3E9C-E768-4F35-84C3-EA051E26549F}.Debug|Any CPU.Build.0 = Debug|Any CPU
		{606E3E9C-E768-4F35-84C3-EA051E26549F}.Release|Any CPU.ActiveCfg = Release|Any CPU
		{606E3E9C-E768-4F35-84C3-EA051E26549F}.Release|Any CPU.Build.0 = Release|Any CPU
		{D50D76EE-CF2D-47AD-BB54-35D46498080C}.Debug|Any CPU.ActiveCfg = Debug|Any CPU
		{D50D76EE-CF2D-47AD-BB54-35D46498080C}.Debug|Any CPU.Build.0 = Debug|Any CPU
		{D50D76EE-CF2D-47AD-BB54-35D46498080C}.Release|Any CPU.ActiveCfg = Release|Any CPU
		{D50D76EE-CF2D-47AD-BB54-35D46498080C}.Release|Any CPU.Build.0 = Release|Any CPU
		{180DA703-1F8C-456B-A261-95106FBCEF54}.Debug|Any CPU.ActiveCfg = Debug|Any CPU
		{180DA703-1F8C-456B-A261-95106FBCEF54}.Debug|Any CPU.Build.0 = Debug|Any CPU
		{180DA703-1F8C-456B-A261-95106FBCEF54}.Release|Any CPU.ActiveCfg = Release|Any CPU
		{180DA703-1F8C-456B-A261-95106FBCEF54}.Release|Any CPU.Build.0 = Release|Any CPU
		{70EC00C6-3178-41F8-A600-17CCFAF7B41C}.Debug|Any CPU.ActiveCfg = Debug|Any CPU
		{70EC00C6-3178-41F8-A600-17CCFAF7B41C}.Debug|Any CPU.Build.0 = Debug|Any CPU
		{70EC00C6-3178-41F8-A600-17CCFAF7B41C}.Release|Any CPU.ActiveCfg = Release|Any CPU
		{70EC00C6-3178-41F8-A600-17CCFAF7B41C}.Release|Any CPU.Build.0 = Release|Any CPU
		{C50145E6-A244-4F1F-B41F-90D1925B4A00}.Debug|Any CPU.ActiveCfg = Debug|Any CPU
		{C50145E6-A244-4F1F-B41F-90D1925B4A00}.Debug|Any CPU.Build.0 = Debug|Any CPU
		{C50145E6-A244-4F1F-B41F-90D1925B4A00}.Release|Any CPU.ActiveCfg = Release|Any CPU
		{C50145E6-A244-4F1F-B41F-90D1925B4A00}.Release|Any CPU.Build.0 = Release|Any CPU
		{BFFC3552-4DEB-42BA-87EE-BEDE68382DA1}.Debug|Any CPU.ActiveCfg = Debug|Any CPU
		{BFFC3552-4DEB-42BA-87EE-BEDE68382DA1}.Debug|Any CPU.Build.0 = Debug|Any CPU
		{BFFC3552-4DEB-42BA-87EE-BEDE68382DA1}.Release|Any CPU.ActiveCfg = Release|Any CPU
		{BFFC3552-4DEB-42BA-87EE-BEDE68382DA1}.Release|Any CPU.Build.0 = Release|Any CPU
	EndGlobalSection
	GlobalSection(SolutionProperties) = preSolution
		HideSolutionNode = FALSE
	EndGlobalSection
	GlobalSection(NestedProjects) = preSolution
		{70EC00C6-3178-41F8-A600-17CCFAF7B41C} = {DD285171-13D3-4068-BA4F-87594BAF6CF2}
		{BFFC3552-4DEB-42BA-87EE-BEDE68382DA1} = {E33927A0-CA49-4423-A4B3-84B3DB26B327}
	EndGlobalSection
EndGlobal
